
Microsoft Visual Studio Solution File, Format Version 12.00
# Visual Studio Version 16
VisualStudioVersion = 16.0.31105.61
MinimumVisualStudioVersion = 10.0.40219.1
Project("{FAE04EC0-301F-11D3-BF4B-00C04F79EFBC}") = "Poker", "Poker\Poker.csproj", "{8F5E7E16-AEF8-4EC0-A92D-822811F1C211}"
EndProject
Global
	GlobalSection(SolutionConfigurationPlatforms) = preSolution
		Debug|Any CPU = Debug|Any CPU
		Release|Any CPU = Release|Any CPU
	EndGlobalSection
	GlobalSection(ProjectConfigurationPlatforms) = postSolution
		{8F5E7E16-AEF8-4EC0-A92D-822811F1C211}.Debug|Any CPU.ActiveCfg = Debug|Any CPU
		{8F5E7E16-AEF8-4EC0-A92D-822811F1C211}.Debug|Any CPU.Build.0 = Debug|Any CPU
		{8F5E7E16-AEF8-4EC0-A92D-822811F1C211}.Release|Any CPU.ActiveCfg = Release|Any CPU
		{8F5E7E16-AEF8-4EC0-A92D-822811F1C211}.Release|Any CPU.Build.0 = Release|Any CPU
	EndGlobalSection
	GlobalSection(SolutionProperties) = preSolution
		HideSolutionNode = FALSE
	EndGlobalSection
	GlobalSection(ExtensibilityGlobals) = postSolution
		SolutionGuid = {54F8876C-6038-4EC1-844A-5AA8EEF147A1}
	EndGlobalSection
EndGlobal
